// !$*UTF8*$!
{
	archiveVersion = 1;
	classes = {
	};
	objectVersion = 56;
	objects = {

/* Begin PBXBuildFile section */
		A232C0462AEBCF8B005CA685 /* AppDelegate.swift in Sources */ = {isa = PBXBuildFile; fileRef = A232C0452AEBCF8B005CA685 /* AppDelegate.swift */; };
		A232C0482AEBCF8B005CA685 /* SceneDelegate.swift in Sources */ = {isa = PBXBuildFile; fileRef = A232C0472AEBCF8B005CA685 /* SceneDelegate.swift */; };
		A232C04A2AEBCF8B005CA685 /* ViewController.swift in Sources */ = {isa = PBXBuildFile; fileRef = A232C0492AEBCF8B005CA685 /* ViewController.swift */; };
		A232C04D2AEBCF8B005CA685 /* Main.storyboard in Resources */ = {isa = PBXBuildFile; fileRef = A232C04B2AEBCF8B005CA685 /* Main.storyboard */; };
		A232C04F2AEBCF8D005CA685 /* Assets.xcassets in Resources */ = {isa = PBXBuildFile; fileRef = A232C04E2AEBCF8D005CA685 /* Assets.xcassets */; };
		A232C0522AEBCF8D005CA685 /* LaunchScreen.storyboard in Resources */ = {isa = PBXBuildFile; fileRef = A232C0502AEBCF8D005CA685 /* LaunchScreen.storyboard */; };
		A232C05D2AEBCF8D005CA685 /* I_am_richTests.swift in Sources */ = {isa = PBXBuildFile; fileRef = A232C05C2AEBCF8D005CA685 /* I_am_richTests.swift */; };
		A232C0672AEBCF8D005CA685 /* I_am_richUITests.swift in Sources */ = {isa = PBXBuildFile; fileRef = A232C0662AEBCF8D005CA685 /* I_am_richUITests.swift */; };
		A232C0692AEBCF8D005CA685 /* I_am_richUITestsLaunchTests.swift in Sources */ = {isa = PBXBuildFile; fileRef = A232C0682AEBCF8D005CA685 /* I_am_richUITestsLaunchTests.swift */; };
/* End PBXBuildFile section */

/* Begin PBXContainerItemProxy section */
		A232C0592AEBCF8D005CA685 /* PBXContainerItemProxy */ = {
			isa = PBXContainerItemProxy;
			containerPortal = A232C03A2AEBCF8B005CA685 /* Project object */;
			proxyType = 1;
			remoteGlobalIDString = A232C0412AEBCF8B005CA685;
			remoteInfo = "I am rich";
		};
		A232C0632AEBCF8D005CA685 /* PBXContainerItemProxy */ = {
			isa = PBXContainerItemProxy;
			containerPortal = A232C03A2AEBCF8B005CA685 /* Project object */;
			proxyType = 1;
			remoteGlobalIDString = A232C0412AEBCF8B005CA685;
			remoteInfo = "I am rich";
		};
/* End PBXContainerItemProxy section */

/* Begin PBXFileReference section */
		A232C0422AEBCF8B005CA685 /* I am rich.app */ = {isa = PBXFileReference; explicitFileType = wrapper.application; includeInIndex = 0; path = "I am rich.app"; sourceTree = BUILT_PRODUCTS_DIR; };
		A232C0452AEBCF8B005CA685 /* AppDelegate.swift */ = {isa = PBXFileReference; lastKnownFileType = sourcecode.swift; path = AppDelegate.swift; sourceTree = "<group>"; };
		A232C0472AEBCF8B005CA685 /* SceneDelegate.swift */ = {isa = PBXFileReference; lastKnownFileType = sourcecode.swift; path = SceneDelegate.swift; sourceTree = "<group>"; };
		A232C0492AEBCF8B005CA685 /* ViewController.swift */ = {isa = PBXFileReference; lastKnownFileType = sourcecode.swift; path = ViewController.swift; sourceTree = "<group>"; };
		A232C04C2AEBCF8B005CA685 /* Base */ = {isa = PBXFileReference; lastKnownFileType = file.storyboard; name = Base; path = Base.lproj/Main.storyboard; sourceTree = "<group>"; };
		A232C04E2AEBCF8D005CA685 /* Assets.xcassets */ = {isa = PBXFileReference; lastKnownFileType = folder.assetcatalog; path = Assets.xcassets; sourceTree = "<group>"; };
		A232C0512AEBCF8D005CA685 /* Base */ = {isa = PBXFileReference; lastKnownFileType = file.storyboard; name = Base; path = Base.lproj/LaunchScreen.storyboard; sourceTree = "<group>"; };
		A232C0532AEBCF8D005CA685 /* Info.plist */ = {isa = PBXFileReference; lastKnownFileType = text.plist.xml; path = Info.plist; sourceTree = "<group>"; };
		A232C0582AEBCF8D005CA685 /* I am richTests.xctest */ = {isa = PBXFileReference; explicitFileType = wrapper.cfbundle; includeInIndex = 0; path = "I am richTests.xctest"; sourceTree = BUILT_PRODUCTS_DIR; };
		A232C05C2AEBCF8D005CA685 /* I_am_richTests.swift */ = {isa = PBXFileReference; lastKnownFileType = sourcecode.swift; path = I_am_richTests.swift; sourceTree = "<group>"; };
		A232C0622AEBCF8D005CA685 /* I am richUITests.xctest */ = {isa = PBXFileReference; explicitFileType = wrapper.cfbundle; includeInIndex = 0; path = "I am richUITests.xctest"; sourceTree = BUILT_PRODUCTS_DIR; };
		A232C0662AEBCF8D005CA685 /* I_am_richUITests.swift */ = {isa = PBXFileReference; lastKnownFileType = sourcecode.swift; path = I_am_richUITests.swift; sourceTree = "<group>"; };
		A232C0682AEBCF8D005CA685 /* I_am_richUITestsLaunchTests.swift */ = {isa = PBXFileReference; lastKnownFileType = sourcecode.swift; path = I_am_richUITestsLaunchTests.swift; sourceTree = "<group>"; };
/* End PBXFileReference section */

/* Begin PBXFrameworksBuildPhase section */
		A232C03F2AEBCF8B005CA685 /* Frameworks */ = {
			isa = PBXFrameworksBuildPhase;
			buildActionMask = 2147483647;
			files = (
			);
			runOnlyForDeploymentPostprocessing = 0;
		};
		A232C0552AEBCF8D005CA685 /* Frameworks */ = {
			isa = PBXFrameworksBuildPhase;
			buildActionMask = 2147483647;
			files = (
			);
			runOnlyForDeploymentPostprocessing = 0;
		};
		A232C05F2AEBCF8D005CA685 /* Frameworks */ = {
			isa = PBXFrameworksBuildPhase;
			buildActionMask = 2147483647;
			files = (
			);
			runOnlyForDeploymentPostprocessing = 0;
		};
/* End PBXFrameworksBuildPhase section */

/* Begin PBXGroup section */
		A232C0392AEBCF8B005CA685 = {
			isa = PBXGroup;
			children = (
				A232C0442AEBCF8B005CA685 /* Iamrich */,
				A232C05B2AEBCF8D005CA685 /* IamrichTests */,
				A232C0652AEBCF8D005CA685 /* IamrichUITests */,
				A232C0432AEBCF8B005CA685 /* Products */,
			);
			sourceTree = "<group>";
		};
		A232C0432AEBCF8B005CA685 /* Products */ = {
			isa = PBXGroup;
			children = (
				A232C0422AEBCF8B005CA685 /* I am rich.app */,
				A232C0582AEBCF8D005CA685 /* I am richTests.xctest */,
				A232C0622AEBCF8D005CA685 /* I am richUITests.xctest */,
			);
			name = Products;
			sourceTree = "<group>";
		};
		A232C0442AEBCF8B005CA685 /* Iamrich */ = {
			isa = PBXGroup;
			children = (
				A232C0452AEBCF8B005CA685 /* AppDelegate.swift */,
				A232C0472AEBCF8B005CA685 /* SceneDelegate.swift */,
				A232C0492AEBCF8B005CA685 /* ViewController.swift */,
				A232C04B2AEBCF8B005CA685 /* Main.storyboard */,
				A232C04E2AEBCF8D005CA685 /* Assets.xcassets */,
				A232C0502AEBCF8D005CA685 /* LaunchScreen.storyboard */,
				A232C0532AEBCF8D005CA685 /* Info.plist */,
			);
			path = Iamrich;
			sourceTree = "<group>";
		};
		A232C05B2AEBCF8D005CA685 /* IamrichTests */ = {
			isa = PBXGroup;
			children = (
				A232C05C2AEBCF8D005CA685 /* I_am_richTests.swift */,
			);
			path = IamrichTests;
			sourceTree = "<group>";
		};
		A232C0652AEBCF8D005CA685 /* IamrichUITests */ = {
			isa = PBXGroup;
			children = (
				A232C0662AEBCF8D005CA685 /* I_am_richUITests.swift */,
				A232C0682AEBCF8D005CA685 /* I_am_richUITestsLaunchTests.swift */,
			);
			path = IamrichUITests;
			sourceTree = "<group>";
		};
/* End PBXGroup section */

/* Begin PBXNativeTarget section */
		A232C0412AEBCF8B005CA685 /* I am rich */ = {
			isa = PBXNativeTarget;
			buildConfigurationList = A232C06C2AEBCF8D005CA685 /* Build configuration list for PBXNativeTarget "I am rich" */;
			buildPhases = (
				A232C03E2AEBCF8B005CA685 /* Sources */,
				A232C03F2AEBCF8B005CA685 /* Frameworks */,
				A232C0402AEBCF8B005CA685 /* Resources */,
			);
			buildRules = (
			);
			dependencies = (
			);
			name = "I am rich";
			productName = "I am rich";
			productReference = A232C0422AEBCF8B005CA685 /* I am rich.app */;
			productType = "com.apple.product-type.application";
		};
		A232C0572AEBCF8D005CA685 /* I am richTests */ = {
			isa = PBXNativeTarget;
			buildConfigurationList = A232C06F2AEBCF8D005CA685 /* Build configuration list for PBXNativeTarget "I am richTests" */;
			buildPhases = (
				A232C0542AEBCF8D005CA685 /* Sources */,
				A232C0552AEBCF8D005CA685 /* Frameworks */,
				A232C0562AEBCF8D005CA685 /* Resources */,
			);
			buildRules = (
			);
			dependencies = (
				A232C05A2AEBCF8D005CA685 /* PBXTargetDependency */,
			);
			name = "I am richTests";
			productName = "I am richTests";
			productReference = A232C0582AEBCF8D005CA685 /* I am richTests.xctest */;
			productType = "com.apple.product-type.bundle.unit-test";
		};
		A232C0612AEBCF8D005CA685 /* I am richUITests */ = {
			isa = PBXNativeTarget;
			buildConfigurationList = A232C0722AEBCF8D005CA685 /* Build configuration list for PBXNativeTarget "I am richUITests" */;
			buildPhases = (
				A232C05E2AEBCF8D005CA685 /* Sources */,
				A232C05F2AEBCF8D005CA685 /* Frameworks */,
				A232C0602AEBCF8D005CA685 /* Resources */,
			);
			buildRules = (
			);
			dependencies = (
				A232C0642AEBCF8D005CA685 /* PBXTargetDependency */,
			);
			name = "I am richUITests";
			productName = "I am richUITests";
			productReference = A232C0622AEBCF8D005CA685 /* I am richUITests.xctest */;
			productType = "com.apple.product-type.bundle.ui-testing";
		};
/* End PBXNativeTarget section */

/* Begin PBXProject section */
		A232C03A2AEBCF8B005CA685 /* Project object */ = {
			isa = PBXProject;
			attributes = {
				BuildIndependentTargetsInParallel = 1;
				LastSwiftUpdateCheck = 1500;
				LastUpgradeCheck = 1500;
				TargetAttributes = {
					A232C0412AEBCF8B005CA685 = {
						CreatedOnToolsVersion = 15.0.1;
					};
					A232C0572AEBCF8D005CA685 = {
						CreatedOnToolsVersion = 15.0.1;
						TestTargetID = A232C0412AEBCF8B005CA685;
					};
					A232C0612AEBCF8D005CA685 = {
						CreatedOnToolsVersion = 15.0.1;
						TestTargetID = A232C0412AEBCF8B005CA685;
					};
				};
			};
			buildConfigurationList = A232C03D2AEBCF8B005CA685 /* Build configuration list for PBXProject "I am rich" */;
			compatibilityVersion = "Xcode 14.0";
			developmentRegion = en;
			hasScannedForEncodings = 0;
			knownRegions = (
				en,
				Base,
			);
			mainGroup = A232C0392AEBCF8B005CA685;
			productRefGroup = A232C0432AEBCF8B005CA685 /* Products */;
			projectDirPath = "";
			projectRoot = "";
			targets = (
				A232C0412AEBCF8B005CA685 /* I am rich */,
				A232C0572AEBCF8D005CA685 /* I am richTests */,
				A232C0612AEBCF8D005CA685 /* I am richUITests */,
			);
		};
/* End PBXProject section */

/* Begin PBXResourcesBuildPhase section */
		A232C0402AEBCF8B005CA685 /* Resources */ = {
			isa = PBXResourcesBuildPhase;
			buildActionMask = 2147483647;
			files = (
				A232C0522AEBCF8D005CA685 /* LaunchScreen.storyboard in Resources */,
				A232C04F2AEBCF8D005CA685 /* Assets.xcassets in Resources */,
				A232C04D2AEBCF8B005CA685 /* Main.storyboard in Resources */,
			);
			runOnlyForDeploymentPostprocessing = 0;
		};
		A232C0562AEBCF8D005CA685 /* Resources */ = {
			isa = PBXResourcesBuildPhase;
			buildActionMask = 2147483647;
			files = (
			);
			runOnlyForDeploymentPostprocessing = 0;
		};
		A232C0602AEBCF8D005CA685 /* Resources */ = {
			isa = PBXResourcesBuildPhase;
			buildActionMask = 2147483647;
			files = (
			);
			runOnlyForDeploymentPostprocessing = 0;
		};
/* End PBXResourcesBuildPhase section */

/* Begin PBXSourcesBuildPhase section */
		A232C03E2AEBCF8B005CA685 /* Sources */ = {
			isa = PBXSourcesBuildPhase;
			buildActionMask = 2147483647;
			files = (
				A232C04A2AEBCF8B005CA685 /* ViewController.swift in Sources */,
				A232C0462AEBCF8B005CA685 /* AppDelegate.swift in Sources */,
				A232C0482AEBCF8B005CA685 /* SceneDelegate.swift in Sources */,
			);
			runOnlyForDeploymentPostprocessing = 0;
		};
		A232C0542AEBCF8D005CA685 /* Sources */ = {
			isa = PBXSourcesBuildPhase;
			buildActionMask = 2147483647;
			files = (
				A232C05D2AEBCF8D005CA685 /* I_am_richTests.swift in Sources */,
			);
			runOnlyForDeploymentPostprocessing = 0;
		};
		A232C05E2AEBCF8D005CA685 /* Sources */ = {
			isa = PBXSourcesBuildPhase;
			buildActionMask = 2147483647;
			files = (
				A232C0692AEBCF8D005CA685 /* I_am_richUITestsLaunchTests.swift in Sources */,
				A232C0672AEBCF8D005CA685 /* I_am_richUITests.swift in Sources */,
			);
			runOnlyForDeploymentPostprocessing = 0;
		};
/* End PBXSourcesBuildPhase section */

/* Begin PBXTargetDependency section */
		A232C05A2AEBCF8D005CA685 /* PBXTargetDependency */ = {
			isa = PBXTargetDependency;
			target = A232C0412AEBCF8B005CA685 /* I am rich */;
			targetProxy = A232C0592AEBCF8D005CA685 /* PBXContainerItemProxy */;
		};
		A232C0642AEBCF8D005CA685 /* PBXTargetDependency */ = {
			isa = PBXTargetDependency;
			target = A232C0412AEBCF8B005CA685 /* I am rich */;
			targetProxy = A232C0632AEBCF8D005CA685 /* PBXContainerItemProxy */;
		};
/* End PBXTargetDependency section */

/* Begin PBXVariantGroup section */
		A232C04B2AEBCF8B005CA685 /* Main.storyboard */ = {
			isa = PBXVariantGroup;
			children = (
				A232C04C2AEBCF8B005CA685 /* Base */,
			);
			name = Main.storyboard;
			sourceTree = "<group>";
		};
		A232C0502AEBCF8D005CA685 /* LaunchScreen.storyboard */ = {
			isa = PBXVariantGroup;
			children = (
				A232C0512AEBCF8D005CA685 /* Base */,
			);
			name = LaunchScreen.storyboard;
			sourceTree = "<group>";
		};
/* End PBXVariantGroup section */

/* Begin XCBuildConfiguration section */
		A232C06A2AEBCF8D005CA685 /* Debug */ = {
			isa = XCBuildConfiguration;
			buildSettings = {
				ALWAYS_SEARCH_USER_PATHS = NO;
				ASSETCATALOG_COMPILER_GENERATE_SWIFT_ASSET_SYMBOL_EXTENSIONS = YES;
				CLANG_ANALYZER_NONNULL = YES;
				CLANG_ANALYZER_NUMBER_OBJECT_CONVERSION = YES_AGGRESSIVE;
				CLANG_CXX_LANGUAGE_STANDARD = "gnu++20";
				CLANG_ENABLE_MODULES = YES;
				CLANG_ENABLE_OBJC_ARC = YES;
				CLANG_ENABLE_OBJC_WEAK = YES;
				CLANG_WARN_BLOCK_CAPTURE_AUTORELEASING = YES;
				CLANG_WARN_BOOL_CONVERSION = YES;
				CLANG_WARN_COMMA = YES;
				CLANG_WARN_CONSTANT_CONVERSION = YES;
				CLANG_WARN_DEPRECATED_OBJC_IMPLEMENTATIONS = YES;
				CLANG_WARN_DIRECT_OBJC_ISA_USAGE = YES_ERROR;
				CLANG_WARN_DOCUMENTATION_COMMENTS = YES;
				CLANG_WARN_EMPTY_BODY = YES;
				CLANG_WARN_ENUM_CONVERSION = YES;
				CLANG_WARN_INFINITE_RECURSION = YES;
				CLANG_WARN_INT_CONVERSION = YES;
				CLANG_WARN_NON_LITERAL_NULL_CONVERSION = YES;
				CLANG_WARN_OBJC_IMPLICIT_RETAIN_SELF = YES;
				CLANG_WARN_OBJC_LITERAL_CONVERSION = YES;
				CLANG_WARN_OBJC_ROOT_CLASS = YES_ERROR;
				CLANG_WARN_QUOTED_INCLUDE_IN_FRAMEWORK_HEADER = YES;
				CLANG_WARN_RANGE_LOOP_ANALYSIS = YES;
				CLANG_WARN_STRICT_PROTOTYPES = YES;
				CLANG_WARN_SUSPICIOUS_MOVE = YES;
				CLANG_WARN_UNGUARDED_AVAILABILITY = YES_AGGRESSIVE;
				CLANG_WARN_UNREACHABLE_CODE = YES;
				CLANG_WARN__DUPLICATE_METHOD_MATCH = YES;
				COPY_PHASE_STRIP = NO;
				DEBUG_INFORMATION_FORMAT = dwarf;
				ENABLE_STRICT_OBJC_MSGSEND = YES;
				ENABLE_TESTABILITY = YES;
				ENABLE_USER_SCRIPT_SANDBOXING = YES;
				GCC_C_LANGUAGE_STANDARD = gnu17;
				GCC_DYNAMIC_NO_PIC = NO;
				GCC_NO_COMMON_BLOCKS = YES;
				GCC_OPTIMIZATION_LEVEL = 0;
				GCC_PREPROCESSOR_DEFINITIONS = (
					"DEBUG=1",
					"$(inherited)",
				);
				GCC_WARN_64_TO_32_BIT_CONVERSION = YES;
				GCC_WARN_ABOUT_RETURN_TYPE = YES_ERROR;
				GCC_WARN_UNDECLARED_SELECTOR = YES;
				GCC_WARN_UNINITIALIZED_AUTOS = YES_AGGRESSIVE;
				GCC_WARN_UNUSED_FUNCTION = YES;
				GCC_WARN_UNUSED_VARIABLE = YES;
				IPHONEOS_DEPLOYMENT_TARGET = 17.0;
				LOCALIZATION_PREFERS_STRING_CATALOGS = YES;
				MTL_ENABLE_DEBUG_INFO = INCLUDE_SOURCE;
				MTL_FAST_MATH = YES;
				ONLY_ACTIVE_ARCH = YES;
				SDKROOT = iphoneos;
				SWIFT_ACTIVE_COMPILATION_CONDITIONS = "DEBUG $(inherited)";
				SWIFT_OPTIMIZATION_LEVEL = "-Onone";
			};
			name = Debug;
		};
		A232C06B2AEBCF8D005CA685 /* Release */ = {
			isa = XCBuildConfiguration;
			buildSettings = {
				ALWAYS_SEARCH_USER_PATHS = NO;
				ASSETCATALOG_COMPILER_GENERATE_SWIFT_ASSET_SYMBOL_EXTENSIONS = YES;
				CLANG_ANALYZER_NONNULL = YES;
				CLANG_ANALYZER_NUMBER_OBJECT_CONVERSION = YES_AGGRESSIVE;
				CLANG_CXX_LANGUAGE_STANDARD = "gnu++20";
				CLANG_ENABLE_MODULES = YES;
				CLANG_ENABLE_OBJC_ARC = YES;
				CLANG_ENABLE_OBJC_WEAK = YES;
				CLANG_WARN_BLOCK_CAPTURE_AUTORELEASING = YES;
				CLANG_WARN_BOOL_CONVERSION = YES;
				CLANG_WARN_COMMA = YES;
				CLANG_WARN_CONSTANT_CONVERSION = YES;
				CLANG_WARN_DEPRECATED_OBJC_IMPLEMENTATIONS = YES;
				CLANG_WARN_DIRECT_OBJC_ISA_USAGE = YES_ERROR;
				CLANG_WARN_DOCUMENTATION_COMMENTS = YES;
				CLANG_WARN_EMPTY_BODY = YES;
				CLANG_WARN_ENUM_CONVERSION = YES;
				CLANG_WARN_INFINITE_RECURSION = YES;
				CLANG_WARN_INT_CONVERSION = YES;
				CLANG_WARN_NON_LITERAL_NULL_CONVERSION = YES;
				CLANG_WARN_OBJC_IMPLICIT_RETAIN_SELF = YES;
				CLANG_WARN_OBJC_LITERAL_CONVERSION = YES;
				CLANG_WARN_OBJC_ROOT_CLASS = YES_ERROR;
				CLANG_WARN_QUOTED_INCLUDE_IN_FRAMEWORK_HEADER = YES;
				CLANG_WARN_RANGE_LOOP_ANALYSIS = YES;
				CLANG_WARN_STRICT_PROTOTYPES = YES;
				CLANG_WARN_SUSPICIOUS_MOVE = YES;
				CLANG_WARN_UNGUARDED_AVAILABILITY = YES_AGGRESSIVE;
				CLANG_WARN_UNREACHABLE_CODE = YES;
				CLANG_WARN__DUPLICATE_METHOD_MATCH = YES;
				COPY_PHASE_STRIP = NO;
				DEBUG_INFORMATION_FORMAT = "dwarf-with-dsym";
				ENABLE_NS_ASSERTIONS = NO;
				ENABLE_STRICT_OBJC_MSGSEND = YES;
				ENABLE_USER_SCRIPT_SANDBOXING = YES;
				GCC_C_LANGUAGE_STANDARD = gnu17;
				GCC_NO_COMMON_BLOCKS = YES;
				GCC_WARN_64_TO_32_BIT_CONVERSION = YES;
				GCC_WARN_ABOUT_RETURN_TYPE = YES_ERROR;
				GCC_WARN_UNDECLARED_SELECTOR = YES;
				GCC_WARN_UNINITIALIZED_AUTOS = YES_AGGRESSIVE;
				GCC_WARN_UNUSED_FUNCTION = YES;
				GCC_WARN_UNUSED_VARIABLE = YES;
				IPHONEOS_DEPLOYMENT_TARGET = 17.0;
				LOCALIZATION_PREFERS_STRING_CATALOGS = YES;
				MTL_ENABLE_DEBUG_INFO = NO;
				MTL_FAST_MATH = YES;
				SDKROOT = iphoneos;
				SWIFT_COMPILATION_MODE = wholemodule;
				VALIDATE_PRODUCT = YES;
			};
			name = Release;
		};
		A232C06D2AEBCF8D005CA685 /* Debug */ = {
			isa = XCBuildConfiguration;
			buildSettings = {
				ASSETCATALOG_COMPILER_APPICON_NAME = AppIcon;
				ASSETCATALOG_COMPILER_GLOBAL_ACCENT_COLOR_NAME = AccentColor;
				CODE_SIGN_STYLE = Automatic;
				CURRENT_PROJECT_VERSION = 1;
				GENERATE_INFOPLIST_FILE = YES;
				INFOPLIST_FILE = Iamrich/Info.plist;
				INFOPLIST_KEY_UIApplicationSupportsIndirectInputEvents = YES;
				INFOPLIST_KEY_UILaunchStoryboardName = LaunchScreen;
				INFOPLIST_KEY_UIMainStoryboardFile = Main;
				INFOPLIST_KEY_UISupportedInterfaceOrientations_iPad = "UIInterfaceOrientationPortrait UIInterfaceOrientationPortraitUpsideDown UIInterfaceOrientationLandscapeLeft UIInterfaceOrientationLandscapeRight";
				INFOPLIST_KEY_UISupportedInterfaceOrientations_iPhone = "UIInterfaceOrientationPortrait UIInterfaceOrientationLandscapeLeft UIInterfaceOrientationLandscapeRight";
				LD_RUNPATH_SEARCH_PATHS = (
					"$(inherited)",
					"@executable_path/Frameworks",
				);
				MARKETING_VERSION = 1.0;
				PRODUCT_BUNDLE_IDENTIFIER = "com.hungba.I-am-rich";
				PRODUCT_NAME = "$(TARGET_NAME)";
				SWIFT_EMIT_LOC_STRINGS = YES;
				SWIFT_VERSION = 5.0;
				TARGETED_DEVICE_FAMILY = "1,2";
			};
			name = Debug;
		};
		A232C06E2AEBCF8D005CA685 /* Release */ = {
			isa = XCBuildConfiguration;
			buildSettings = {
				ASSETCATALOG_COMPILER_APPICON_NAME = AppIcon;
				ASSETCATALOG_COMPILER_GLOBAL_ACCENT_COLOR_NAME = AccentColor;
				CODE_SIGN_STYLE = Automatic;
				CURRENT_PROJECT_VERSION = 1;
				GENERATE_INFOPLIST_FILE = YES;
				INFOPLIST_FILE = Iamrich/Info.plist;
				INFOPLIST_KEY_UIApplicationSupportsIndirectInputEvents = YES;
				INFOPLIST_KEY_UILaunchStoryboardName = LaunchScreen;
				INFOPLIST_KEY_UIMainStoryboardFile = Main;
				INFOPLIST_KEY_UISupportedInterfaceOrientations_iPad = "UIInterfaceOrientationPortrait UIInterfaceOrientationPortraitUpsideDown UIInterfaceOrientationLandscapeLeft UIInterfaceOrientationLandscapeRight";
				INFOPLIST_KEY_UISupportedInterfaceOrientations_iPhone = "UIInterfaceOrientationPortrait UIInterfaceOrientationLandscapeLeft UIInterfaceOrientationLandscapeRight";
				LD_RUNPATH_SEARCH_PATHS = (
					"$(inherited)",
					"@executable_path/Frameworks",
				);
				MARKETING_VERSION = 1.0;
				PRODUCT_BUNDLE_IDENTIFIER = "com.hungba.I-am-rich";
				PRODUCT_NAME = "$(TARGET_NAME)";
				SWIFT_EMIT_LOC_STRINGS = YES;
				SWIFT_VERSION = 5.0;
				TARGETED_DEVICE_FAMILY = "1,2";
			};
			name = Release;
		};
		A232C0702AEBCF8D005CA685 /* Debug */ = {
			isa = XCBuildConfiguration;
			buildSettings = {
				ALWAYS_EMBED_SWIFT_STANDARD_LIBRARIES = YES;
				BUNDLE_LOADER = "$(TEST_HOST)";
				CODE_SIGN_STYLE = Automatic;
				CURRENT_PROJECT_VERSION = 1;
				GENERATE_INFOPLIST_FILE = YES;
				IPHONEOS_DEPLOYMENT_TARGET = 17.0;
				MARKETING_VERSION = 1.0;
				PRODUCT_BUNDLE_IDENTIFIER = "com.hungba.I-am-richTests";
				PRODUCT_NAME = "$(TARGET_NAME)";
				SWIFT_EMIT_LOC_STRINGS = NO;
				SWIFT_VERSION = 5.0;
				TARGETED_DEVICE_FAMILY = "1,2";
				TEST_HOST = "$(BUILT_PRODUCTS_DIR)/I am rich.app/$(BUNDLE_EXECUTABLE_FOLDER_PATH)/I am rich";
			};
			name = Debug;
		};
		A232C0712AEBCF8D005CA685 /* Release */ = {
			isa = XCBuildConfiguration;
			buildSettings = {
				ALWAYS_EMBED_SWIFT_STANDARD_LIBRARIES = YES;
				BUNDLE_LOADER = "$(TEST_HOST)";
				CODE_SIGN_STYLE = Automatic;
				CURRENT_PROJECT_VERSION = 1;
				GENERATE_INFOPLIST_FILE = YES;
				IPHONEOS_DEPLOYMENT_TARGET = 17.0;
				MARKETING_VERSION = 1.0;
				PRODUCT_BUNDLE_IDENTIFIER = "com.hungba.I-am-richTests";
				PRODUCT_NAME = "$(TARGET_NAME)";
				SWIFT_EMIT_LOC_STRINGS = NO;
				SWIFT_VERSION = 5.0;
				TARGETED_DEVICE_FAMILY = "1,2";
				TEST_HOST = "$(BUILT_PRODUCTS_DIR)/I am rich.app/$(BUNDLE_EXECUTABLE_FOLDER_PATH)/I am rich";
			};
			name = Release;
		};
		A232C0732AEBCF8D005CA685 /* Debug */ = {
			isa = XCBuildConfiguration;
			buildSettings = {
				ALWAYS_EMBED_SWIFT_STANDARD_LIBRARIES = YES;
				CODE_SIGN_STYLE = Automatic;
				CURRENT_PROJECT_VERSION = 1;
				GENERATE_INFOPLIST_FILE = YES;
				MARKETING_VERSION = 1.0;
				PRODUCT_BUNDLE_IDENTIFIER = "com.hungba.I-am-richUITests";
				PRODUCT_NAME = "$(TARGET_NAME)";
				SWIFT_EMIT_LOC_STRINGS = NO;
				SWIFT_VERSION = 5.0;
				TARGETED_DEVICE_FAMILY = "1,2";
				TEST_TARGET_NAME = "I am rich";
			};
			name = Debug;
		};
		A232C0742AEBCF8D005CA685 /* Release */ = {
			isa = XCBuildConfiguration;
			buildSettings = {
				ALWAYS_EMBED_SWIFT_STANDARD_LIBRARIES = YES;
				CODE_SIGN_STYLE = Automatic;
				CURRENT_PROJECT_VERSION = 1;
				GENERATE_INFOPLIST_FILE = YES;
				MARKETING_VERSION = 1.0;
				PRODUCT_BUNDLE_IDENTIFIER = "com.hungba.I-am-richUITests";
				PRODUCT_NAME = "$(TARGET_NAME)";
				SWIFT_EMIT_LOC_STRINGS = NO;
				SWIFT_VERSION = 5.0;
				TARGETED_DEVICE_FAMILY = "1,2";
				TEST_TARGET_NAME = "I am rich";
			};
			name = Release;
		};
/* End XCBuildConfiguration section */

/* Begin XCConfigurationList section */
		A232C03D2AEBCF8B005CA685 /* Build configuration list for PBXProject "I am rich" */ = {
			isa = XCConfigurationList;
			buildConfigurations = (
				A232C06A2AEBCF8D005CA685 /* Debug */,
				A232C06B2AEBCF8D005CA685 /* Release */,
			);
			defaultConfigurationIsVisible = 0;
			defaultConfigurationName = Release;
		};
		A232C06C2AEBCF8D005CA685 /* Build configuration list for PBXNativeTarget "I am rich" */ = {
			isa = XCConfigurationList;
			buildConfigurations = (
				A232C06D2AEBCF8D005CA685 /* Debug */,
				A232C06E2AEBCF8D005CA685 /* Release */,
			);
			defaultConfigurationIsVisible = 0;
			defaultConfigurationName = Release;
		};
		A232C06F2AEBCF8D005CA685 /* Build configuration list for PBXNativeTarget "I am richTests" */ = {
			isa = XCConfigurationList;
			buildConfigurations = (
				A232C0702AEBCF8D005CA685 /* Debug */,
				A232C0712AEBCF8D005CA685 /* Release */,
			);
			defaultConfigurationIsVisible = 0;
			defaultConfigurationName = Release;
		};
		A232C0722AEBCF8D005CA685 /* Build configuration list for PBXNativeTarget "I am richUITests" */ = {
			isa = XCConfigurationList;
			buildConfigurations = (
				A232C0732AEBCF8D005CA685 /* Debug */,
				A232C0742AEBCF8D005CA685 /* Release */,
			);
			defaultConfigurationIsVisible = 0;
			defaultConfigurationName = Release;
		};
/* End XCConfigurationList section */
	};
	rootObject = A232C03A2AEBCF8B005CA685 /* Project object */;
}
